
Microsoft Visual Studio Solution File, Format Version 12.00
# Visual Studio Version 17
VisualStudioVersion = 17.9.34723.18
MinimumVisualStudioVersion = 10.0.40219.1
Project("{FAE04EC0-301F-11D3-BF4B-00C04F79EFBC}") = "Domain", "src\Domain\Domain.csproj", "{C172519F-E75D-47D4-8A85-3D2A423BA3B2}"
EndProject
Global
	GlobalSection(SolutionConfigurationPlatforms) = preSolution
		Debug|Any CPU = Debug|Any CPU
		Release|Any CPU = Release|Any CPU
	EndGlobalSection
	GlobalSection(ProjectConfigurationPlatforms) = postSolution
		{C172519F-E75D-47D4-8A85-3D2A423BA3B2}.Debug|Any CPU.ActiveCfg = Debug|Any CPU
		{C172519F-E75D-47D4-8A85-3D2A423BA3B2}.Debug|Any CPU.Build.0 = Debug|Any CPU
		{C172519F-E75D-47D4-8A85-3D2A423BA3B2}.Release|Any CPU.ActiveCfg = Release|Any CPU
		{C172519F-E75D-47D4-8A85-3D2A423BA3B2}.Release|Any CPU.Build.0 = Release|Any CPU
	EndGlobalSection
	GlobalSection(SolutionProperties) = preSolution
		HideSolutionNode = FALSE
	EndGlobalSection
	GlobalSection(ExtensibilityGlobals) = postSolution
		SolutionGuid = {FA270120-725A-45C3-8A97-3AEFDF81403B}
	EndGlobalSection
EndGlobal
